
Microsoft Visual Studio Solution File, Format Version 12.00
# Visual Studio Version 16
VisualStudioVersion = 16.0.30011.22
MinimumVisualStudioVersion = 10.0.40219.1
Project("{FAE04EC0-301F-11D3-BF4B-00C04F79EFBC}") = "FactoryMethodExample", "FactoryMethodExample\FactoryMethodExample.csproj", "{831707CD-3A36-40D9-9675-02C637C7779A}"
EndProject
Global
	GlobalSection(SolutionConfigurationPlatforms) = preSolution
		Debug|Any CPU = Debug|Any CPU
		Release|Any CPU = Release|Any CPU
	EndGlobalSection
	GlobalSection(ProjectConfigurationPlatforms) = postSolution
		{831707CD-3A36-40D9-9675-02C637C7779A}.Debug|Any CPU.ActiveCfg = Debug|Any CPU
		{831707CD-3A36-40D9-9675-02C637C7779A}.Debug|Any CPU.Build.0 = Debug|Any CPU
		{831707CD-3A36-40D9-9675-02C637C7779A}.Release|Any CPU.ActiveCfg = Release|Any CPU
		{831707CD-3A36-40D9-9675-02C637C7779A}.Release|Any CPU.Build.0 = Release|Any CPU
	EndGlobalSection
	GlobalSection(SolutionProperties) = preSolution
		HideSolutionNode = FALSE
	EndGlobalSection
	GlobalSection(ExtensibilityGlobals) = postSolution
		SolutionGuid = {BCBC2CAE-9531-434C-98C0-2669FA4A0586}
	EndGlobalSection
EndGlobal
